// !$*UTF8*$!
{
	archiveVersion = 1;
	classes = {
	};
	objectVersion = 52;
	objects = {

/* Begin PBXBuildFile section */
		027E9AB726E9986900966A3D /* AppDelegate.swift in Sources */ = {isa = PBXBuildFile; fileRef = 027E9AB626E9986900966A3D /* AppDelegate.swift */; };
		027E9AB926E9986900966A3D /* SceneDelegate.swift in Sources */ = {isa = PBXBuildFile; fileRef = 027E9AB826E9986900966A3D /* SceneDelegate.swift */; };
		027E9ABE26E9986900966A3D /* Main.storyboard in Resources */ = {isa = PBXBuildFile; fileRef = 027E9ABC26E9986900966A3D /* Main.storyboard */; };
		027E9AC026E9986A00966A3D /* Assets.xcassets in Resources */ = {isa = PBXBuildFile; fileRef = 027E9ABF26E9986A00966A3D /* Assets.xcassets */; };
		027E9AC326E9986A00966A3D /* LaunchScreen.storyboard in Resources */ = {isa = PBXBuildFile; fileRef = 027E9AC126E9986A00966A3D /* LaunchScreen.storyboard */; };
		027E9ACE26E9986A00966A3D /* FlixTests.swift in Sources */ = {isa = PBXBuildFile; fileRef = 027E9ACD26E9986A00966A3D /* FlixTests.swift */; };
		027E9AD926E9986A00966A3D /* FlixUITests.swift in Sources */ = {isa = PBXBuildFile; fileRef = 027E9AD826E9986A00966A3D /* FlixUITests.swift */; };
		027E9AE726EA964600966A3D /* MoviesViewController.swift in Sources */ = {isa = PBXBuildFile; fileRef = 027E9AE626EA964600966A3D /* MoviesViewController.swift */; };
		027E9AE926EAB70800966A3D /* MovieCell.swift in Sources */ = {isa = PBXBuildFile; fileRef = 027E9AE826EAB70800966A3D /* MovieCell.swift */; };
		027E9AEC26EAED0900966A3D /* AlamofireImage in Frameworks */ = {isa = PBXBuildFile; productRef = 027E9AEB26EAED0900966A3D /* AlamofireImage */; };
		02A18B1026F405E900887835 /* MovieDetailsViewController.swift in Sources */ = {isa = PBXBuildFile; fileRef = 02A18B0F26F405E900887835 /* MovieDetailsViewController.swift */; };
		02A18B1226F6696500887835 /* MovieGridViewController.swift in Sources */ = {isa = PBXBuildFile; fileRef = 02A18B1126F6696500887835 /* MovieGridViewController.swift */; };
		02A18B1426F6818D00887835 /* MovieGridCell.swift in Sources */ = {isa = PBXBuildFile; fileRef = 02A18B1326F6818D00887835 /* MovieGridCell.swift */; };
		7A0926280B380739FD4516D2 /* Pods_Flix.framework in Frameworks */ = {isa = PBXBuildFile; fileRef = BDFAB73182A463F1CF51000C /* Pods_Flix.framework */; };
		9DB6BFC37ECCD6B351C666C0 /* Pods_FlixTests.framework in Frameworks */ = {isa = PBXBuildFile; fileRef = D4F6887056C4DDCBE4A36230 /* Pods_FlixTests.framework */; };
		E48809A93A872B23774B68DA /* Pods_Flix_FlixUITests.framework in Frameworks */ = {isa = PBXBuildFile; fileRef = 45CB87712FDF75B67CD7F28D /* Pods_Flix_FlixUITests.framework */; };
/* End PBXBuildFile section */

/* Begin PBXContainerItemProxy section */
		027E9ACA26E9986A00966A3D /* PBXContainerItemProxy */ = {
			isa = PBXContainerItemProxy;
			containerPortal = 027E9AAB26E9986900966A3D /* Project object */;
			proxyType = 1;
			remoteGlobalIDString = 027E9AB226E9986900966A3D;
			remoteInfo = Flix;
		};
		027E9AD526E9986A00966A3D /* PBXContainerItemProxy */ = {
			isa = PBXContainerItemProxy;
			containerPortal = 027E9AAB26E9986900966A3D /* Project object */;
			proxyType = 1;
			remoteGlobalIDString = 027E9AB226E9986900966A3D;
			remoteInfo = Flix;
		};
/* End PBXContainerItemProxy section */

/* Begin PBXFileReference section */
		027E9AB326E9986900966A3D /* Flix.app */ = {isa = PBXFileReference; explicitFileType = wrapper.application; includeInIndex = 0; path = Flix.app; sourceTree = BUILT_PRODUCTS_DIR; };
		027E9AB626E9986900966A3D /* AppDelegate.swift */ = {isa = PBXFileReference; lastKnownFileType = sourcecode.swift; path = AppDelegate.swift; sourceTree = "<group>"; };
		027E9AB826E9986900966A3D /* SceneDelegate.swift */ = {isa = PBXFileReference; lastKnownFileType = sourcecode.swift; path = SceneDelegate.swift; sourceTree = "<group>"; };
		027E9ABD26E9986900966A3D /* Base */ = {isa = PBXFileReference; lastKnownFileType = file.storyboard; name = Base; path = Base.lproj/Main.storyboard; sourceTree = "<group>"; };
		027E9ABF26E9986A00966A3D /* Assets.xcassets */ = {isa = PBXFileReference; lastKnownFileType = folder.assetcatalog; path = Assets.xcassets; sourceTree = "<group>"; };
		027E9AC226E9986A00966A3D /* Base */ = {isa = PBXFileReference; lastKnownFileType = file.storyboard; name = Base; path = Base.lproj/LaunchScreen.storyboard; sourceTree = "<group>"; };
		027E9AC426E9986A00966A3D /* Info.plist */ = {isa = PBXFileReference; lastKnownFileType = text.plist.xml; path = Info.plist; sourceTree = "<group>"; };
		027E9AC926E9986A00966A3D /* FlixTests.xctest */ = {isa = PBXFileReference; explicitFileType = wrapper.cfbundle; includeInIndex = 0; path = FlixTests.xctest; sourceTree = BUILT_PRODUCTS_DIR; };
		027E9ACD26E9986A00966A3D /* FlixTests.swift */ = {isa = PBXFileReference; lastKnownFileType = sourcecode.swift; path = FlixTests.swift; sourceTree = "<group>"; };
		027E9ACF26E9986A00966A3D /* Info.plist */ = {isa = PBXFileReference; lastKnownFileType = text.plist.xml; path = Info.plist; sourceTree = "<group>"; };
		027E9AD426E9986A00966A3D /* FlixUITests.xctest */ = {isa = PBXFileReference; explicitFileType = wrapper.cfbundle; includeInIndex = 0; path = FlixUITests.xctest; sourceTree = BUILT_PRODUCTS_DIR; };
		027E9AD826E9986A00966A3D /* FlixUITests.swift */ = {isa = PBXFileReference; lastKnownFileType = sourcecode.swift; path = FlixUITests.swift; sourceTree = "<group>"; };
		027E9ADA26E9986A00966A3D /* Info.plist */ = {isa = PBXFileReference; lastKnownFileType = text.plist.xml; path = Info.plist; sourceTree = "<group>"; };
		027E9AE626EA964600966A3D /* MoviesViewController.swift */ = {isa = PBXFileReference; lastKnownFileType = sourcecode.swift; path = MoviesViewController.swift; sourceTree = "<group>"; };
		027E9AE826EAB70800966A3D /* MovieCell.swift */ = {isa = PBXFileReference; lastKnownFileType = sourcecode.swift; path = MovieCell.swift; sourceTree = "<group>"; };
		02A18B0F26F405E900887835 /* MovieDetailsViewController.swift */ = {isa = PBXFileReference; lastKnownFileType = sourcecode.swift; path = MovieDetailsViewController.swift; sourceTree = "<group>"; };
		02A18B1126F6696500887835 /* MovieGridViewController.swift */ = {isa = PBXFileReference; lastKnownFileType = sourcecode.swift; path = MovieGridViewController.swift; sourceTree = "<group>"; };
		02A18B1326F6818D00887835 /* MovieGridCell.swift */ = {isa = PBXFileReference; lastKnownFileType = sourcecode.swift; path = MovieGridCell.swift; sourceTree = "<group>"; };
		03F86AD443FFD5E64C0B61F8 /* Pods-FlixTests.debug.xcconfig */ = {isa = PBXFileReference; includeInIndex = 1; lastKnownFileType = text.xcconfig; name = "Pods-FlixTests.debug.xcconfig"; path = "Target Support Files/Pods-FlixTests/Pods-FlixTests.debug.xcconfig"; sourceTree = "<group>"; };
		3CB2B1305CA44BC7F296312B /* Pods-Flix-FlixUITests.debug.xcconfig */ = {isa = PBXFileReference; includeInIndex = 1; lastKnownFileType = text.xcconfig; name = "Pods-Flix-FlixUITests.debug.xcconfig"; path = "Target Support Files/Pods-Flix-FlixUITests/Pods-Flix-FlixUITests.debug.xcconfig"; sourceTree = "<group>"; };
		45CB87712FDF75B67CD7F28D /* Pods_Flix_FlixUITests.framework */ = {isa = PBXFileReference; explicitFileType = wrapper.framework; includeInIndex = 0; path = Pods_Flix_FlixUITests.framework; sourceTree = BUILT_PRODUCTS_DIR; };
		6225729F03FE7B34850A62CD /* Pods-FlixTests.release.xcconfig */ = {isa = PBXFileReference; includeInIndex = 1; lastKnownFileType = text.xcconfig; name = "Pods-FlixTests.release.xcconfig"; path = "Target Support Files/Pods-FlixTests/Pods-FlixTests.release.xcconfig"; sourceTree = "<group>"; };
		74792F54DD9A6524A1E420A5 /* Pods-Flix.release.xcconfig */ = {isa = PBXFileReference; includeInIndex = 1; lastKnownFileType = text.xcconfig; name = "Pods-Flix.release.xcconfig"; path = "Target Support Files/Pods-Flix/Pods-Flix.release.xcconfig"; sourceTree = "<group>"; };
		A2DDB9E5EA53E35FA7FDFAF7 /* Pods-Flix-FlixUITests.release.xcconfig */ = {isa = PBXFileReference; includeInIndex = 1; lastKnownFileType = text.xcconfig; name = "Pods-Flix-FlixUITests.release.xcconfig"; path = "Target Support Files/Pods-Flix-FlixUITests/Pods-Flix-FlixUITests.release.xcconfig"; sourceTree = "<group>"; };
		A8D60FAF8F7F6ABFC9CAB85F /* Pods-Flix.debug.xcconfig */ = {isa = PBXFileReference; includeInIndex = 1; lastKnownFileType = text.xcconfig; name = "Pods-Flix.debug.xcconfig"; path = "Target Support Files/Pods-Flix/Pods-Flix.debug.xcconfig"; sourceTree = "<group>"; };
		BDFAB73182A463F1CF51000C /* Pods_Flix.framework */ = {isa = PBXFileReference; explicitFileType = wrapper.framework; includeInIndex = 0; path = Pods_Flix.framework; sourceTree = BUILT_PRODUCTS_DIR; };
		D4F6887056C4DDCBE4A36230 /* Pods_FlixTests.framework */ = {isa = PBXFileReference; explicitFileType = wrapper.framework; includeInIndex = 0; path = Pods_FlixTests.framework; sourceTree = BUILT_PRODUCTS_DIR; };
/* End PBXFileReference section */

/* Begin PBXFrameworksBuildPhase section */
		027E9AB026E9986900966A3D /* Frameworks */ = {
			isa = PBXFrameworksBuildPhase;
			buildActionMask = 2147483647;
			files = (
				027E9AEC26EAED0900966A3D /* AlamofireImage in Frameworks */,
				7A0926280B380739FD4516D2 /* Pods_Flix.framework in Frameworks */,
			);
			runOnlyForDeploymentPostprocessing = 0;
		};
		027E9AC626E9986A00966A3D /* Frameworks */ = {
			isa = PBXFrameworksBuildPhase;
			buildActionMask = 2147483647;
			files = (
				9DB6BFC37ECCD6B351C666C0 /* Pods_FlixTests.framework in Frameworks */,
			);
			runOnlyForDeploymentPostprocessing = 0;
		};
		027E9AD126E9986A00966A3D /* Frameworks */ = {
			isa = PBXFrameworksBuildPhase;
			buildActionMask = 2147483647;
			files = (
				E48809A93A872B23774B68DA /* Pods_Flix_FlixUITests.framework in Frameworks */,
			);
			runOnlyForDeploymentPostprocessing = 0;
		};
/* End PBXFrameworksBuildPhase section */

/* Begin PBXGroup section */
		027E9AAA26E9986900966A3D = {
			isa = PBXGroup;
			children = (
				027E9AB526E9986900966A3D /* Flix */,
				027E9ACC26E9986A00966A3D /* FlixTests */,
				027E9AD726E9986A00966A3D /* FlixUITests */,
				027E9AB426E9986900966A3D /* Products */,
				E4E691A0B6DFA7C35E59B5F6 /* Pods */,
				2C68CFFFE05EEC5AAB0C09FD /* Frameworks */,
			);
			sourceTree = "<group>";
		};
		027E9AB426E9986900966A3D /* Products */ = {
			isa = PBXGroup;
			children = (
				027E9AB326E9986900966A3D /* Flix.app */,
				027E9AC926E9986A00966A3D /* FlixTests.xctest */,
				027E9AD426E9986A00966A3D /* FlixUITests.xctest */,
			);
			name = Products;
			sourceTree = "<group>";
		};
		027E9AB526E9986900966A3D /* Flix */ = {
			isa = PBXGroup;
			children = (
				027E9AB626E9986900966A3D /* AppDelegate.swift */,
				027E9AB826E9986900966A3D /* SceneDelegate.swift */,
				027E9ABC26E9986900966A3D /* Main.storyboard */,
				027E9AE826EAB70800966A3D /* MovieCell.swift */,
				027E9ABF26E9986A00966A3D /* Assets.xcassets */,
				027E9AC126E9986A00966A3D /* LaunchScreen.storyboard */,
				027E9AC426E9986A00966A3D /* Info.plist */,
				027E9AE626EA964600966A3D /* MoviesViewController.swift */,
				02A18B0F26F405E900887835 /* MovieDetailsViewController.swift */,
				02A18B1126F6696500887835 /* MovieGridViewController.swift */,
				02A18B1326F6818D00887835 /* MovieGridCell.swift */,
			);
			path = Flix;
			sourceTree = "<group>";
		};
		027E9ACC26E9986A00966A3D /* FlixTests */ = {
			isa = PBXGroup;
			children = (
				027E9ACD26E9986A00966A3D /* FlixTests.swift */,
				027E9ACF26E9986A00966A3D /* Info.plist */,
			);
			path = FlixTests;
			sourceTree = "<group>";
		};
		027E9AD726E9986A00966A3D /* FlixUITests */ = {
			isa = PBXGroup;
			children = (
				027E9AD826E9986A00966A3D /* FlixUITests.swift */,
				027E9ADA26E9986A00966A3D /* Info.plist */,
			);
			path = FlixUITests;
			sourceTree = "<group>";
		};
		2C68CFFFE05EEC5AAB0C09FD /* Frameworks */ = {
			isa = PBXGroup;
			children = (
				BDFAB73182A463F1CF51000C /* Pods_Flix.framework */,
				45CB87712FDF75B67CD7F28D /* Pods_Flix_FlixUITests.framework */,
				D4F6887056C4DDCBE4A36230 /* Pods_FlixTests.framework */,
			);
			name = Frameworks;
			sourceTree = "<group>";
		};
		E4E691A0B6DFA7C35E59B5F6 /* Pods */ = {
			isa = PBXGroup;
			children = (
				A8D60FAF8F7F6ABFC9CAB85F /* Pods-Flix.debug.xcconfig */,
				74792F54DD9A6524A1E420A5 /* Pods-Flix.release.xcconfig */,
				3CB2B1305CA44BC7F296312B /* Pods-Flix-FlixUITests.debug.xcconfig */,
				A2DDB9E5EA53E35FA7FDFAF7 /* Pods-Flix-FlixUITests.release.xcconfig */,
				03F86AD443FFD5E64C0B61F8 /* Pods-FlixTests.debug.xcconfig */,
				6225729F03FE7B34850A62CD /* Pods-FlixTests.release.xcconfig */,
			);
			path = Pods;
			sourceTree = "<group>";
		};
/* End PBXGroup section */

/* Begin PBXNativeTarget section */
		027E9AB226E9986900966A3D /* Flix */ = {
			isa = PBXNativeTarget;
			buildConfigurationList = 027E9ADD26E9986A00966A3D /* Build configuration list for PBXNativeTarget "Flix" */;
			buildPhases = (
				7DF3B2CD02FC8E0D2B9822BB /* [CP] Check Pods Manifest.lock */,
				027E9AAF26E9986900966A3D /* Sources */,
				027E9AB026E9986900966A3D /* Frameworks */,
				027E9AB126E9986900966A3D /* Resources */,
				7943A5359D75CE63ADF40D95 /* [CP] Embed Pods Frameworks */,
			);
			buildRules = (
			);
			dependencies = (
			);
			name = Flix;
			packageProductDependencies = (
				027E9AEB26EAED0900966A3D /* AlamofireImage */,
			);
			productName = Flix;
			productReference = 027E9AB326E9986900966A3D /* Flix.app */;
			productType = "com.apple.product-type.application";
		};
		027E9AC826E9986A00966A3D /* FlixTests */ = {
			isa = PBXNativeTarget;
			buildConfigurationList = 027E9AE026E9986A00966A3D /* Build configuration list for PBXNativeTarget "FlixTests" */;
			buildPhases = (
				836E8CEE5A7437F717BDA0CF /* [CP] Check Pods Manifest.lock */,
				027E9AC526E9986A00966A3D /* Sources */,
				027E9AC626E9986A00966A3D /* Frameworks */,
				027E9AC726E9986A00966A3D /* Resources */,
			);
			buildRules = (
			);
			dependencies = (
				027E9ACB26E9986A00966A3D /* PBXTargetDependency */,
			);
			name = FlixTests;
			productName = FlixTests;
			productReference = 027E9AC926E9986A00966A3D /* FlixTests.xctest */;
			productType = "com.apple.product-type.bundle.unit-test";
		};
		027E9AD326E9986A00966A3D /* FlixUITests */ = {
			isa = PBXNativeTarget;
			buildConfigurationList = 027E9AE326E9986A00966A3D /* Build configuration list for PBXNativeTarget "FlixUITests" */;
			buildPhases = (
				21030131A8D7161E493B39DC /* [CP] Check Pods Manifest.lock */,
				027E9AD026E9986A00966A3D /* Sources */,
				027E9AD126E9986A00966A3D /* Frameworks */,
				027E9AD226E9986A00966A3D /* Resources */,
				4A563C28A9DC990D80DA3563 /* [CP] Embed Pods Frameworks */,
			);
			buildRules = (
			);
			dependencies = (
				027E9AD626E9986A00966A3D /* PBXTargetDependency */,
			);
			name = FlixUITests;
			productName = FlixUITests;
			productReference = 027E9AD426E9986A00966A3D /* FlixUITests.xctest */;
			productType = "com.apple.product-type.bundle.ui-testing";
		};
/* End PBXNativeTarget section */

/* Begin PBXProject section */
		027E9AAB26E9986900966A3D /* Project object */ = {
			isa = PBXProject;
			attributes = {
				LastSwiftUpdateCheck = 1250;
				LastUpgradeCheck = 1250;
				TargetAttributes = {
					027E9AB226E9986900966A3D = {
						CreatedOnToolsVersion = 12.5.1;
					};
					027E9AC826E9986A00966A3D = {
						CreatedOnToolsVersion = 12.5.1;
						TestTargetID = 027E9AB226E9986900966A3D;
					};
					027E9AD326E9986A00966A3D = {
						CreatedOnToolsVersion = 12.5.1;
						TestTargetID = 027E9AB226E9986900966A3D;
					};
				};
			};
			buildConfigurationList = 027E9AAE26E9986900966A3D /* Build configuration list for PBXProject "Flix" */;
			compatibilityVersion = "Xcode 9.3";
			developmentRegion = en;
			hasScannedForEncodings = 0;
			knownRegions = (
				en,
				Base,
			);
			mainGroup = 027E9AAA26E9986900966A3D;
			packageReferences = (
				027E9AEA26EAED0900966A3D /* XCRemoteSwiftPackageReference "AlamofireImage" */,
			);
			productRefGroup = 027E9AB426E9986900966A3D /* Products */;
			projectDirPath = "";
			projectRoot = "";
			targets = (
				027E9AB226E9986900966A3D /* Flix */,
				027E9AC826E9986A00966A3D /* FlixTests */,
				027E9AD326E9986A00966A3D /* FlixUITests */,
			);
		};
/* End PBXProject section */

/* Begin PBXResourcesBuildPhase section */
		027E9AB126E9986900966A3D /* Resources */ = {
			isa = PBXResourcesBuildPhase;
			buildActionMask = 2147483647;
			files = (
				027E9AC326E9986A00966A3D /* LaunchScreen.storyboard in Resources */,
				027E9AC026E9986A00966A3D /* Assets.xcassets in Resources */,
				027E9ABE26E9986900966A3D /* Main.storyboard in Resources */,
			);
			runOnlyForDeploymentPostprocessing = 0;
		};
		027E9AC726E9986A00966A3D /* Resources */ = {
			isa = PBXResourcesBuildPhase;
			buildActionMask = 2147483647;
			files = (
			);
			runOnlyForDeploymentPostprocessing = 0;
		};
		027E9AD226E9986A00966A3D /* Resources */ = {
			isa = PBXResourcesBuildPhase;
			buildActionMask = 2147483647;
			files = (
			);
			runOnlyForDeploymentPostprocessing = 0;
		};
/* End PBXResourcesBuildPhase section */

/* Begin PBXShellScriptBuildPhase section */
		21030131A8D7161E493B39DC /* [CP] Check Pods Manifest.lock */ = {
			isa = PBXShellScriptBuildPhase;
			buildActionMask = 2147483647;
			files = (
			);
			inputFileListPaths = (
			);
			inputPaths = (
				"${PODS_PODFILE_DIR_PATH}/Podfile.lock",
				"${PODS_ROOT}/Manifest.lock",
			);
			name = "[CP] Check Pods Manifest.lock";
			outputFileListPaths = (
			);
			outputPaths = (
				"$(DERIVED_FILE_DIR)/Pods-Flix-FlixUITests-checkManifestLockResult.txt",
			);
			runOnlyForDeploymentPostprocessing = 0;
			shellPath = /bin/sh;
			shellScript = "diff \"${PODS_PODFILE_DIR_PATH}/Podfile.lock\" \"${PODS_ROOT}/Manifest.lock\" > /dev/null\nif [ $? != 0 ] ; then\n    # print error to STDERR\n    echo \"error: The sandbox is not in sync with the Podfile.lock. Run 'pod install' or update your CocoaPods installation.\" >&2\n    exit 1\nfi\n# This output is used by Xcode 'outputs' to avoid re-running this script phase.\necho \"SUCCESS\" > \"${SCRIPT_OUTPUT_FILE_0}\"\n";
			showEnvVarsInLog = 0;
		};
		4A563C28A9DC990D80DA3563 /* [CP] Embed Pods Frameworks */ = {
			isa = PBXShellScriptBuildPhase;
			buildActionMask = 2147483647;
			files = (
			);
			inputFileListPaths = (
				"${PODS_ROOT}/Target Support Files/Pods-Flix-FlixUITests/Pods-Flix-FlixUITests-frameworks-${CONFIGURATION}-input-files.xcfilelist",
			);
			name = "[CP] Embed Pods Frameworks";
			outputFileListPaths = (
				"${PODS_ROOT}/Target Support Files/Pods-Flix-FlixUITests/Pods-Flix-FlixUITests-frameworks-${CONFIGURATION}-output-files.xcfilelist",
			);
			runOnlyForDeploymentPostprocessing = 0;
			shellPath = /bin/sh;
			shellScript = "\"${PODS_ROOT}/Target Support Files/Pods-Flix-FlixUITests/Pods-Flix-FlixUITests-frameworks.sh\"\n";
			showEnvVarsInLog = 0;
		};
		7943A5359D75CE63ADF40D95 /* [CP] Embed Pods Frameworks */ = {
			isa = PBXShellScriptBuildPhase;
			buildActionMask = 2147483647;
			files = (
			);
			inputFileListPaths = (
				"${PODS_ROOT}/Target Support Files/Pods-Flix/Pods-Flix-frameworks-${CONFIGURATION}-input-files.xcfilelist",
			);
			name = "[CP] Embed Pods Frameworks";
			outputFileListPaths = (
				"${PODS_ROOT}/Target Support Files/Pods-Flix/Pods-Flix-frameworks-${CONFIGURATION}-output-files.xcfilelist",
			);
			runOnlyForDeploymentPostprocessing = 0;
			shellPath = /bin/sh;
			shellScript = "\"${PODS_ROOT}/Target Support Files/Pods-Flix/Pods-Flix-frameworks.sh\"\n";
			showEnvVarsInLog = 0;
		};
		7DF3B2CD02FC8E0D2B9822BB /* [CP] Check Pods Manifest.lock */ = {
			isa = PBXShellScriptBuildPhase;
			buildActionMask = 2147483647;
			files = (
			);
			inputFileListPaths = (
			);
			inputPaths = (
				"${PODS_PODFILE_DIR_PATH}/Podfile.lock",
				"${PODS_ROOT}/Manifest.lock",
			);
			name = "[CP] Check Pods Manifest.lock";
			outputFileListPaths = (
			);
			outputPaths = (
				"$(DERIVED_FILE_DIR)/Pods-Flix-checkManifestLockResult.txt",
			);
			runOnlyForDeploymentPostprocessing = 0;
			shellPath = /bin/sh;
			shellScript = "diff \"${PODS_PODFILE_DIR_PATH}/Podfile.lock\" \"${PODS_ROOT}/Manifest.lock\" > /dev/null\nif [ $? != 0 ] ; then\n    # print error to STDERR\n    echo \"error: The sandbox is not in sync with the Podfile.lock. Run 'pod install' or update your CocoaPods installation.\" >&2\n    exit 1\nfi\n# This output is used by Xcode 'outputs' to avoid re-running this script phase.\necho \"SUCCESS\" > \"${SCRIPT_OUTPUT_FILE_0}\"\n";
			showEnvVarsInLog = 0;
		};
		836E8CEE5A7437F717BDA0CF /* [CP] Check Pods Manifest.lock */ = {
			isa = PBXShellScriptBuildPhase;
			buildActionMask = 2147483647;
			files = (
			);
			inputFileListPaths = (
			);
			inputPaths = (
				"${PODS_PODFILE_DIR_PATH}/Podfile.lock",
				"${PODS_ROOT}/Manifest.lock",
			);
			name = "[CP] Check Pods Manifest.lock";
			outputFileListPaths = (
			);
			outputPaths = (
				"$(DERIVED_FILE_DIR)/Pods-FlixTests-checkManifestLockResult.txt",
			);
			runOnlyForDeploymentPostprocessing = 0;
			shellPath = /bin/sh;
			shellScript = "diff \"${PODS_PODFILE_DIR_PATH}/Podfile.lock\" \"${PODS_ROOT}/Manifest.lock\" > /dev/null\nif [ $? != 0 ] ; then\n    # print error to STDERR\n    echo \"error: The sandbox is not in sync with the Podfile.lock. Run 'pod install' or update your CocoaPods installation.\" >&2\n    exit 1\nfi\n# This output is used by Xcode 'outputs' to avoid re-running this script phase.\necho \"SUCCESS\" > \"${SCRIPT_OUTPUT_FILE_0}\"\n";
			showEnvVarsInLog = 0;
		};
/* End PBXShellScriptBuildPhase section */

/* Begin PBXSourcesBuildPhase section */
		027E9AAF26E9986900966A3D /* Sources */ = {
			isa = PBXSourcesBuildPhase;
			buildActionMask = 2147483647;
			files = (
				02A18B1026F405E900887835 /* MovieDetailsViewController.swift in Sources */,
				027E9AB726E9986900966A3D /* AppDelegate.swift in Sources */,
				027E9AB926E9986900966A3D /* SceneDelegate.swift in Sources */,
				027E9AE926EAB70800966A3D /* MovieCell.swift in Sources */,
				027E9AE726EA964600966A3D /* MoviesViewController.swift in Sources */,
				02A18B1226F6696500887835 /* MovieGridViewController.swift in Sources */,
				02A18B1426F6818D00887835 /* MovieGridCell.swift in Sources */,
			);
			runOnlyForDeploymentPostprocessing = 0;
		};
		027E9AC526E9986A00966A3D /* Sources */ = {
			isa = PBXSourcesBuildPhase;
			buildActionMask = 2147483647;
			files = (
				027E9ACE26E9986A00966A3D /* FlixTests.swift in Sources */,
			);
			runOnlyForDeploymentPostprocessing = 0;
		};
		027E9AD026E9986A00966A3D /* Sources */ = {
			isa = PBXSourcesBuildPhase;
			buildActionMask = 2147483647;
			files = (
				027E9AD926E9986A00966A3D /* FlixUITests.swift in Sources */,
			);
			runOnlyForDeploymentPostprocessing = 0;
		};
/* End PBXSourcesBuildPhase section */

/* Begin PBXTargetDependency section */
		027E9ACB26E9986A00966A3D /* PBXTargetDependency */ = {
			isa = PBXTargetDependency;
			target = 027E9AB226E9986900966A3D /* Flix */;
			targetProxy = 027E9ACA26E9986A00966A3D /* PBXContainerItemProxy */;
		};
		027E9AD626E9986A00966A3D /* PBXTargetDependency */ = {
			isa = PBXTargetDependency;
			target = 027E9AB226E9986900966A3D /* Flix */;
			targetProxy = 027E9AD526E9986A00966A3D /* PBXContainerItemProxy */;
		};
/* End PBXTargetDependency section */

/* Begin PBXVariantGroup section */
		027E9ABC26E9986900966A3D /* Main.storyboard */ = {
			isa = PBXVariantGroup;
			children = (
				027E9ABD26E9986900966A3D /* Base */,
			);
			name = Main.storyboard;
			sourceTree = "<group>";
		};
		027E9AC126E9986A00966A3D /* LaunchScreen.storyboard */ = {
			isa = PBXVariantGroup;
			children = (
				027E9AC226E9986A00966A3D /* Base */,
			);
			name = LaunchScreen.storyboard;
			sourceTree = "<group>";
		};
/* End PBXVariantGroup section */

/* Begin XCBuildConfiguration section */
		027E9ADB26E9986A00966A3D /* Debug */ = {
			isa = XCBuildConfiguration;
			buildSettings = {
				ALWAYS_SEARCH_USER_PATHS = NO;
				CLANG_ANALYZER_NONNULL = YES;
				CLANG_ANALYZER_NUMBER_OBJECT_CONVERSION = YES_AGGRESSIVE;
				CLANG_CXX_LANGUAGE_STANDARD = "gnu++14";
				CLANG_CXX_LIBRARY = "libc++";
				CLANG_ENABLE_MODULES = YES;
				CLANG_ENABLE_OBJC_ARC = YES;
				CLANG_ENABLE_OBJC_WEAK = YES;
				CLANG_WARN_BLOCK_CAPTURE_AUTORELEASING = YES;
				CLANG_WARN_BOOL_CONVERSION = YES;
				CLANG_WARN_COMMA = YES;
				CLANG_WARN_CONSTANT_CONVERSION = YES;
				CLANG_WARN_DEPRECATED_OBJC_IMPLEMENTATIONS = YES;
				CLANG_WARN_DIRECT_OBJC_ISA_USAGE = YES_ERROR;
				CLANG_WARN_DOCUMENTATION_COMMENTS = YES;
				CLANG_WARN_EMPTY_BODY = YES;
				CLANG_WARN_ENUM_CONVERSION = YES;
				CLANG_WARN_INFINITE_RECURSION = YES;
				CLANG_WARN_INT_CONVERSION = YES;
				CLANG_WARN_NON_LITERAL_NULL_CONVERSION = YES;
				CLANG_WARN_OBJC_IMPLICIT_RETAIN_SELF = YES;
				CLANG_WARN_OBJC_LITERAL_CONVERSION = YES;
				CLANG_WARN_OBJC_ROOT_CLASS = YES_ERROR;
				CLANG_WARN_QUOTED_INCLUDE_IN_FRAMEWORK_HEADER = YES;
				CLANG_WARN_RANGE_LOOP_ANALYSIS = YES;
				CLANG_WARN_STRICT_PROTOTYPES = YES;
				CLANG_WARN_SUSPICIOUS_MOVE = YES;
				CLANG_WARN_UNGUARDED_AVAILABILITY = YES_AGGRESSIVE;
				CLANG_WARN_UNREACHABLE_CODE = YES;
				CLANG_WARN__DUPLICATE_METHOD_MATCH = YES;
				COPY_PHASE_STRIP = NO;
				DEBUG_INFORMATION_FORMAT = dwarf;
				ENABLE_STRICT_OBJC_MSGSEND = YES;
				ENABLE_TESTABILITY = YES;
				GCC_C_LANGUAGE_STANDARD = gnu11;
				GCC_DYNAMIC_NO_PIC = NO;
				GCC_NO_COMMON_BLOCKS = YES;
				GCC_OPTIMIZATION_LEVEL = 0;
				GCC_PREPROCESSOR_DEFINITIONS = (
					"DEBUG=1",
					"$(inherited)",
				);
				GCC_WARN_64_TO_32_BIT_CONVERSION = YES;
				GCC_WARN_ABOUT_RETURN_TYPE = YES_ERROR;
				GCC_WARN_UNDECLARED_SELECTOR = YES;
				GCC_WARN_UNINITIALIZED_AUTOS = YES_AGGRESSIVE;
				GCC_WARN_UNUSED_FUNCTION = YES;
				GCC_WARN_UNUSED_VARIABLE = YES;
				IPHONEOS_DEPLOYMENT_TARGET = 14.5;
				MTL_ENABLE_DEBUG_INFO = INCLUDE_SOURCE;
				MTL_FAST_MATH = YES;
				ONLY_ACTIVE_ARCH = YES;
				SDKROOT = iphoneos;
				SWIFT_ACTIVE_COMPILATION_CONDITIONS = DEBUG;
				SWIFT_OPTIMIZATION_LEVEL = "-Onone";
			};
			name = Debug;
		};
		027E9ADC26E9986A00966A3D /* Release */ = {
			isa = XCBuildConfiguration;
			buildSettings = {
				ALWAYS_SEARCH_USER_PATHS = NO;
				CLANG_ANALYZER_NONNULL = YES;
				CLANG_ANALYZER_NUMBER_OBJECT_CONVERSION = YES_AGGRESSIVE;
				CLANG_CXX_LANGUAGE_STANDARD = "gnu++14";
				CLANG_CXX_LIBRARY = "libc++";
				CLANG_ENABLE_MODULES = YES;
				CLANG_ENABLE_OBJC_ARC = YES;
				CLANG_ENABLE_OBJC_WEAK = YES;
				CLANG_WARN_BLOCK_CAPTURE_AUTORELEASING = YES;
				CLANG_WARN_BOOL_CONVERSION = YES;
				CLANG_WARN_COMMA = YES;
				CLANG_WARN_CONSTANT_CONVERSION = YES;
				CLANG_WARN_DEPRECATED_OBJC_IMPLEMENTATIONS = YES;
				CLANG_WARN_DIRECT_OBJC_ISA_USAGE = YES_ERROR;
				CLANG_WARN_DOCUMENTATION_COMMENTS = YES;
				CLANG_WARN_EMPTY_BODY = YES;
				CLANG_WARN_ENUM_CONVERSION = YES;
				CLANG_WARN_INFINITE_RECURSION = YES;
				CLANG_WARN_INT_CONVERSION = YES;
				CLANG_WARN_NON_LITERAL_NULL_CONVERSION = YES;
				CLANG_WARN_OBJC_IMPLICIT_RETAIN_SELF = YES;
				CLANG_WARN_OBJC_LITERAL_CONVERSION = YES;
				CLANG_WARN_OBJC_ROOT_CLASS = YES_ERROR;
				CLANG_WARN_QUOTED_INCLUDE_IN_FRAMEWORK_HEADER = YES;
				CLANG_WARN_RANGE_LOOP_ANALYSIS = YES;
				CLANG_WARN_STRICT_PROTOTYPES = YES;
				CLANG_WARN_SUSPICIOUS_MOVE = YES;
				CLANG_WARN_UNGUARDED_AVAILABILITY = YES_AGGRESSIVE;
				CLANG_WARN_UNREACHABLE_CODE = YES;
				CLANG_WARN__DUPLICATE_METHOD_MATCH = YES;
				COPY_PHASE_STRIP = NO;
				DEBUG_INFORMATION_FORMAT = "dwarf-with-dsym";
				ENABLE_NS_ASSERTIONS = NO;
				ENABLE_STRICT_OBJC_MSGSEND = YES;
				GCC_C_LANGUAGE_STANDARD = gnu11;
				GCC_NO_COMMON_BLOCKS = YES;
				GCC_WARN_64_TO_32_BIT_CONVERSION = YES;
				GCC_WARN_ABOUT_RETURN_TYPE = YES_ERROR;
				GCC_WARN_UNDECLARED_SELECTOR = YES;
				GCC_WARN_UNINITIALIZED_AUTOS = YES_AGGRESSIVE;
				GCC_WARN_UNUSED_FUNCTION = YES;
				GCC_WARN_UNUSED_VARIABLE = YES;
				IPHONEOS_DEPLOYMENT_TARGET = 14.5;
				MTL_ENABLE_DEBUG_INFO = NO;
				MTL_FAST_MATH = YES;
				SDKROOT = iphoneos;
				SWIFT_COMPILATION_MODE = wholemodule;
				SWIFT_OPTIMIZATION_LEVEL = "-O";
				VALIDATE_PRODUCT = YES;
			};
			name = Release;
		};
		027E9ADE26E9986A00966A3D /* Debug */ = {
			isa = XCBuildConfiguration;
			baseConfigurationReference = A8D60FAF8F7F6ABFC9CAB85F /* Pods-Flix.debug.xcconfig */;
			buildSettings = {
				ASSETCATALOG_COMPILER_APPICON_NAME = AppIcon;
				ASSETCATALOG_COMPILER_GLOBAL_ACCENT_COLOR_NAME = AccentColor;
				CODE_SIGN_STYLE = Automatic;
				DEVELOPMENT_TEAM = JYJVN5WR58;
				INFOPLIST_FILE = Flix/Info.plist;
				LD_RUNPATH_SEARCH_PATHS = (
					"$(inherited)",
					"@executable_path/Frameworks",
				);
				PRODUCT_BUNDLE_IDENTIFIER = hiddenhowl.Flix;
				PRODUCT_NAME = "$(TARGET_NAME)";
				SWIFT_VERSION = 5.0;
				TARGETED_DEVICE_FAMILY = "1,2";
			};
			name = Debug;
		};
		027E9ADF26E9986A00966A3D /* Release */ = {
			isa = XCBuildConfiguration;
			baseConfigurationReference = 74792F54DD9A6524A1E420A5 /* Pods-Flix.release.xcconfig */;
			buildSettings = {
				ASSETCATALOG_COMPILER_APPICON_NAME = AppIcon;
				ASSETCATALOG_COMPILER_GLOBAL_ACCENT_COLOR_NAME = AccentColor;
				CODE_SIGN_STYLE = Automatic;
				DEVELOPMENT_TEAM = JYJVN5WR58;
				INFOPLIST_FILE = Flix/Info.plist;
				LD_RUNPATH_SEARCH_PATHS = (
					"$(inherited)",
					"@executable_path/Frameworks",
				);
				PRODUCT_BUNDLE_IDENTIFIER = hiddenhowl.Flix;
				PRODUCT_NAME = "$(TARGET_NAME)";
				SWIFT_VERSION = 5.0;
				TARGETED_DEVICE_FAMILY = "1,2";
			};
			name = Release;
		};
		027E9AE126E9986A00966A3D /* Debug */ = {
			isa = XCBuildConfiguration;
			baseConfigurationReference = 03F86AD443FFD5E64C0B61F8 /* Pods-FlixTests.debug.xcconfig */;
			buildSettings = {
				ALWAYS_EMBED_SWIFT_STANDARD_LIBRARIES = YES;
				BUNDLE_LOADER = "$(TEST_HOST)";
				CODE_SIGN_STYLE = Automatic;
				INFOPLIST_FILE = FlixTests/Info.plist;
				IPHONEOS_DEPLOYMENT_TARGET = 14.5;
				LD_RUNPATH_SEARCH_PATHS = (
					"$(inherited)",
					"@executable_path/Frameworks",
					"@loader_path/Frameworks",
				);
				PRODUCT_BUNDLE_IDENTIFIER = hiddenhowl.FlixTests;
				PRODUCT_NAME = "$(TARGET_NAME)";
				SWIFT_VERSION = 5.0;
				TARGETED_DEVICE_FAMILY = "1,2";
				TEST_HOST = "$(BUILT_PRODUCTS_DIR)/Flix.app/Flix";
			};
			name = Debug;
		};
		027E9AE226E9986A00966A3D /* Release */ = {
			isa = XCBuildConfiguration;
			baseConfigurationReference = 6225729F03FE7B34850A62CD /* Pods-FlixTests.release.xcconfig */;
			buildSettings = {
				ALWAYS_EMBED_SWIFT_STANDARD_LIBRARIES = YES;
				BUNDLE_LOADER = "$(TEST_HOST)";
				CODE_SIGN_STYLE = Automatic;
				INFOPLIST_FILE = FlixTests/Info.plist;
				IPHONEOS_DEPLOYMENT_TARGET = 14.5;
				LD_RUNPATH_SEARCH_PATHS = (
					"$(inherited)",
					"@executable_path/Frameworks",
					"@loader_path/Frameworks",
				);
				PRODUCT_BUNDLE_IDENTIFIER = hiddenhowl.FlixTests;
				PRODUCT_NAME = "$(TARGET_NAME)";
				SWIFT_VERSION = 5.0;
				TARGETED_DEVICE_FAMILY = "1,2";
				TEST_HOST = "$(BUILT_PRODUCTS_DIR)/Flix.app/Flix";
			};
			name = Release;
		};
		027E9AE426E9986A00966A3D /* Debug */ = {
			isa = XCBuildConfiguration;
			baseConfigurationReference = 3CB2B1305CA44BC7F296312B /* Pods-Flix-FlixUITests.debug.xcconfig */;
			buildSettings = {
				ALWAYS_EMBED_SWIFT_STANDARD_LIBRARIES = YES;
				CODE_SIGN_STYLE = Automatic;
				INFOPLIST_FILE = FlixUITests/Info.plist;
				LD_RUNPATH_SEARCH_PATHS = (
					"$(inherited)",
					"@executable_path/Frameworks",
					"@loader_path/Frameworks",
				);
				PRODUCT_BUNDLE_IDENTIFIER = hiddenhowl.FlixUITests;
				PRODUCT_NAME = "$(TARGET_NAME)";
				SWIFT_VERSION = 5.0;
				TARGETED_DEVICE_FAMILY = "1,2";
				TEST_TARGET_NAME = Flix;
			};
			name = Debug;
		};
		027E9AE526E9986A00966A3D /* Release */ = {
			isa = XCBuildConfiguration;
			baseConfigurationReference = A2DDB9E5EA53E35FA7FDFAF7 /* Pods-Flix-FlixUITests.release.xcconfig */;
			buildSettings = {
				ALWAYS_EMBED_SWIFT_STANDARD_LIBRARIES = YES;
				CODE_SIGN_STYLE = Automatic;
				INFOPLIST_FILE = FlixUITests/Info.plist;
				LD_RUNPATH_SEARCH_PATHS = (
					"$(inherited)",
					"@executable_path/Frameworks",
					"@loader_path/Frameworks",
				);
				PRODUCT_BUNDLE_IDENTIFIER = hiddenhowl.FlixUITests;
				PRODUCT_NAME = "$(TARGET_NAME)";
				SWIFT_VERSION = 5.0;
				TARGETED_DEVICE_FAMILY = "1,2";
				TEST_TARGET_NAME = Flix;
			};
			name = Release;
		};
/* End XCBuildConfiguration section */

/* Begin XCConfigurationList section */
		027E9AAE26E9986900966A3D /* Build configuration list for PBXProject "Flix" */ = {
			isa = XCConfigurationList;
			buildConfigurations = (
				027E9ADB26E9986A00966A3D /* Debug */,
				027E9ADC26E9986A00966A3D /* Release */,
			);
			defaultConfigurationIsVisible = 0;
			defaultConfigurationName = Release;
		};
		027E9ADD26E9986A00966A3D /* Build configuration list for PBXNativeTarget "Flix" */ = {
			isa = XCConfigurationList;
			buildConfigurations = (
				027E9ADE26E9986A00966A3D /* Debug */,
				027E9ADF26E9986A00966A3D /* Release */,
			);
			defaultConfigurationIsVisible = 0;
			defaultConfigurationName = Release;
		};
		027E9AE026E9986A00966A3D /* Build configuration list for PBXNativeTarget "FlixTests" */ = {
			isa = XCConfigurationList;
			buildConfigurations = (
				027E9AE126E9986A00966A3D /* Debug */,
				027E9AE226E9986A00966A3D /* Release */,
			);
			defaultConfigurationIsVisible = 0;
			defaultConfigurationName = Release;
		};
		027E9AE326E9986A00966A3D /* Build configuration list for PBXNativeTarget "FlixUITests" */ = {
			isa = XCConfigurationList;
			buildConfigurations = (
				027E9AE426E9986A00966A3D /* Debug */,
				027E9AE526E9986A00966A3D /* Release */,
			);
			defaultConfigurationIsVisible = 0;
			defaultConfigurationName = Release;
		};
/* End XCConfigurationList section */

/* Begin XCRemoteSwiftPackageReference section */
		027E9AEA26EAED0900966A3D /* XCRemoteSwiftPackageReference "AlamofireImage" */ = {
			isa = XCRemoteSwiftPackageReference;
			repositoryURL = "https://github.com/Alamofire/AlamofireImage.git";
			requirement = {
				kind = upToNextMajorVersion;
				minimumVersion = 4.2.0;
			};
		};
/* End XCRemoteSwiftPackageReference section */

/* Begin XCSwiftPackageProductDependency section */
		027E9AEB26EAED0900966A3D /* AlamofireImage */ = {
			isa = XCSwiftPackageProductDependency;
			package = 027E9AEA26EAED0900966A3D /* XCRemoteSwiftPackageReference "AlamofireImage" */;
			productName = AlamofireImage;
		};
/* End XCSwiftPackageProductDependency section */
	};
	rootObject = 027E9AAB26E9986900966A3D /* Project object */;
}
